
Microsoft Visual Studio Solution File, Format Version 12.00
# Visual Studio Version 16
VisualStudioVersion = 16.0.30621.155
MinimumVisualStudioVersion = 10.0.40219.1
Project("{FAE04EC0-301F-11D3-BF4B-00C04F79EFBC}") = "DoublyCircularlyLinkedList", "DoublyCircularlyLinkedList\DoublyCircularlyLinkedList.csproj", "{DF55F946-1252-4C35-8B10-F26CF47E34CA}"
EndProject
Global
	GlobalSection(SolutionConfigurationPlatforms) = preSolution
		Debug|Any CPU = Debug|Any CPU
		Release|Any CPU = Release|Any CPU
	EndGlobalSection
	GlobalSection(ProjectConfigurationPlatforms) = postSolution
		{DF55F946-1252-4C35-8B10-F26CF47E34CA}.Debug|Any CPU.ActiveCfg = Debug|Any CPU
		{DF55F946-1252-4C35-8B10-F26CF47E34CA}.Debug|Any CPU.Build.0 = Debug|Any CPU
		{DF55F946-1252-4C35-8B10-F26CF47E34CA}.Release|Any CPU.ActiveCfg = Release|Any CPU
		{DF55F946-1252-4C35-8B10-F26CF47E34CA}.Release|Any CPU.Build.0 = Release|Any CPU
	EndGlobalSection
	GlobalSection(SolutionProperties) = preSolution
		HideSolutionNode = FALSE
	EndGlobalSection
	GlobalSection(ExtensibilityGlobals) = postSolution
		SolutionGuid = {23088237-D6EE-403D-8567-84202B2E5F79}
	EndGlobalSection
EndGlobal
